github.com/RyanCarrier/dijkstra/v2 v2.0.2 h1:DIOg/a7XDR+KmlDkNSX9ggDY6sNLrG+EBGvZUjfgi+A=
github.com/RyanCarrier/dijkstra/v2 v2.0.2/go.mod h1:XwpYN7nC1LPwL3HkaavzB+VGaHRndSsZy/whsFy1AEI=
github.com/mxschmitt/golang-combinations v1.2.0 h1:V5E7MncIK8Yr1SL/SpdqMuSquFsfoIs5auI7Y3n8z14=
github.com/mxschmitt/golang-combinations v1.2.0/go.mod h1:RCm5eR03B+JrBOMRDLsKZWShluXdrHu+qwhPEJ0miBM=
